
Microsoft Visual Studio Solution File, Format Version 12.00
# Visual Studio Version 17
VisualStudioVersion = 17.7.34031.279
MinimumVisualStudioVersion = 10.0.40219.1
Project("{9A19103F-16F7-4668-BE54-9A1E7A4F7556}") = "CinnaBerry", "CinnaBerry\CinnaBerry.csproj", "{5AC6A645-9421-4406-9850-C79E5A3FC08E}"
EndProject
Project("{FAE04EC0-301F-11D3-BF4B-00C04F79EFBC}") = "API_Image_Collector", "API_Image_Collector\API_Image_Collector.csproj", "{219DB4B5-CAF0-4D85-BF17-17BF92FE46BA}"
EndProject
Global
	GlobalSection(SolutionConfigurationPlatforms) = preSolution
		Debug|Any CPU = Debug|Any CPU
		Release|Any CPU = Release|Any CPU
	EndGlobalSection
	GlobalSection(ProjectConfigurationPlatforms) = postSolution
		{5AC6A645-9421-4406-9850-C79E5A3FC08E}.Debug|Any CPU.ActiveCfg = Debug|Any CPU
		{5AC6A645-9421-4406-9850-C79E5A3FC08E}.Debug|Any CPU.Build.0 = Debug|Any CPU
		{5AC6A645-9421-4406-9850-C79E5A3FC08E}.Release|Any CPU.ActiveCfg = Release|Any CPU
		{5AC6A645-9421-4406-9850-C79E5A3FC08E}.Release|Any CPU.Build.0 = Release|Any CPU
		{219DB4B5-CAF0-4D85-BF17-17BF92FE46BA}.Debug|Any CPU.ActiveCfg = Debug|Any CPU
		{219DB4B5-CAF0-4D85-BF17-17BF92FE46BA}.Debug|Any CPU.Build.0 = Debug|Any CPU
		{219DB4B5-CAF0-4D85-BF17-17BF92FE46BA}.Release|Any CPU.ActiveCfg = Release|Any CPU
		{219DB4B5-CAF0-4D85-BF17-17BF92FE46BA}.Release|Any CPU.Build.0 = Release|Any CPU
	EndGlobalSection
	GlobalSection(SolutionProperties) = preSolution
		HideSolutionNode = FALSE
	EndGlobalSection
	GlobalSection(ExtensibilityGlobals) = postSolution
		SolutionGuid = {9DB0D483-69F2-4CE4-9951-0F6915FBBA20}
	EndGlobalSection
EndGlobal
